{
  "name": "devp2p-generate-caps-table",
  "version": "1.0.0",
  "lockfileVersion": 1,
  "requires": true,
  "dependencies": {
    "@oozcitak/dom": {
      "version": "1.15.5",
      "resolved": "https://registry.npmjs.org/@oozcitak/dom/-/dom-1.15.5.tgz",
      "integrity": "sha512-L6v3Mwb0TaYBYgeYlIeBaHnc+2ZEaDSbFiRm5KmqZQSoBlbPlf+l6aIH/sD5GUf2MYwULw00LT7+dOnEuAEC0A==",
      "requires": {
        "@oozcitak/infra": "1.0.5",
        "@oozcitak/url": "1.0.0",
        "@oozcitak/util": "8.0.0"
      },
      "dependencies": {
        "@oozcitak/util": {
          "version": "8.0.0",
          "resolved": "https://registry.npmjs.org/@oozcitak/util/-/util-8.0.0.tgz",
          "integrity": "sha512-+9Hq6yuoq/3TRV/n/xcpydGBq2qN2/DEDMqNTG7rm95K6ZE2/YY/sPyx62+1n8QsE9O26e5M1URlXsk+AnN9Jw=="
        }
      }
    },
    "@oozcitak/infra": {
      "version": "1.0.5",
      "resolved": "https://registry.npmjs.org/@oozcitak/infra/-/infra-1.0.5.tgz",
      "integrity": "sha512-o+zZH7M6l5e3FaAWy3ojaPIVN5eusaYPrKm6MZQt0DKNdgXa2wDYExjpP0t/zx+GoQgQKzLu7cfD8rHCLt8JrQ==",
      "requires": {
        "@oozcitak/util": "8.0.0"
      },
      "dependencies": {
        "@oozcitak/util": {
          "version": "8.0.0",
          "resolved": "https://registry.npmjs.org/@oozcitak/util/-/util-8.0.0.tgz",
          "integrity": "sha512-+9Hq6yuoq/3TRV/n/xcpydGBq2qN2/DEDMqNTG7rm95K6ZE2/YY/sPyx62+1n8QsE9O26e5M1URlXsk+AnN9Jw=="
        }
      }
    },
    "@oozcitak/url": {
      "version": "1.0.0",
      "resolved": "https://registry.npmjs.org/@oozcitak/url/-/url-1.0.0.tgz",
      "integrity": "sha512-LGrMeSxeLzsdaitxq3ZmBRVOrlRRQIgNNci6L0VRnOKlJFuRIkNm4B+BObXPCJA6JT5bEJtrrwjn30jueHJYZQ==",
      "requires": {
        "@oozcitak/infra": "1.0.3",
        "@oozcitak/util": "1.0.2"
      },
      "dependencies": {
        "@oozcitak/infra": {
          "version": "1.0.3",
          "resolved": "https://registry.npmjs.org/@oozcitak/infra/-/infra-1.0.3.tgz",
          "integrity": "sha512-9O2wxXGnRzy76O1XUxESxDGsXT5kzETJPvYbreO4mv6bqe1+YSuux2cZTagjJ/T4UfEwFJz5ixanOqB0QgYAag==",
          "requires": {
            "@oozcitak/util": "1.0.1"
          },
          "dependencies": {
            "@oozcitak/util": {
              "version": "1.0.1",
              "resolved": "https://registry.npmjs.org/@oozcitak/util/-/util-1.0.1.tgz",
              "integrity": "sha512-dFwFqcKrQnJ2SapOmRD1nQWEZUtbtIy9Y6TyJquzsalWNJsKIPxmTI0KG6Ypyl8j7v89L2wixH9fQDNrF78hKg=="
            }
          }
        },
        "@oozcitak/util": {
          "version": "1.0.2",
          "resolved": "https://registry.npmjs.org/@oozcitak/util/-/util-1.0.2.tgz",
          "integrity": "sha512-4n8B1cWlJleSOSba5gxsMcN4tO8KkkcvXhNWW+ADqvq9Xj+Lrl9uCa90GRpjekqQJyt84aUX015DG81LFpZYXA=="
        }
      }
    },
    "@oozcitak/util": {
      "version": "8.3.3",
      "resolved": "https://registry.npmjs.org/@oozcitak/util/-/util-8.3.3.tgz",
      "integrity": "sha512-Ufpab7G5PfnEhQyy5kDg9C8ltWJjsVT1P/IYqacjstaqydG4Q21HAT2HUZQYBrC/a1ZLKCz87pfydlDvv8y97w=="
    },
    "commander": {
      "version": "5.1.0",
      "resolved": "https://registry.npmjs.org/commander/-/commander-5.1.0.tgz",
      "integrity": "sha512-P0CysNDQ7rtVw4QIQtm+MRxV66vKFSvlsQvGYXZWR3qFU0jlMKHZZZgw8e+8DSah4UDKMqnknRDQz+xuQXQ/Zg=="
    },
    "pure-svg-table": {
      "version": "1.0.0",
      "resolved": "https://registry.npmjs.org/pure-svg-table/-/pure-svg-table-1.0.0.tgz",
      "integrity": "sha512-5Z1DCR2a9rs20aGigeM+r6n5NL6quEcDDNngQXI9tgsIYmUZT4zsoKcR1TKS8ATl/3+C+J9xW9cS5sbR+gcVOw==",
      "requires": {
        "commander": "^5.1.0",
        "xmlbuilder2": "^2.1.2"
      }
    },
    "xmlbuilder2": {
      "version": "2.1.2",
      "resolved": "https://registry.npmjs.org/xmlbuilder2/-/xmlbuilder2-2.1.2.tgz",
      "integrity": "sha512-PI710tmtVlQ5VmwzbRTuhmVhKnj9pM8Si+iOZCV2g2SNo3gCrpzR2Ka9wNzZtqfD+mnP+xkrqoNy0sjKZqP4Dg==",
      "requires": {
        "@oozcitak/dom": "1.15.5",
        "@oozcitak/infra": "1.0.5",
        "@oozcitak/util": "8.3.3"
      }
    }
  }
}
